
Microsoft Visual Studio Solution File, Format Version 12.00
# Visual Studio Version 17
VisualStudioVersion = 17.11.35312.102
MinimumVisualStudioVersion = 10.0.40219.1
Project("{2150E333-8FDC-42A3-9474-1A3956D46DE8}") = "src", "src", "{4B7E3690-5D79-442E-8890-DE165B7A584A}"
EndProject
Project("{2150E333-8FDC-42A3-9474-1A3956D46DE8}") = "tests", "tests", "{A979DBC9-EA8D-427B-89C1-3BC043AB149B}"
EndProject
Project("{9A19103F-16F7-4668-BE54-9A1E7A4F7556}") = "DataSheep", "src\DataSheep\DataSheep.csproj", "{B68672B5-74E3-4C3A-8400-A6FD6DBCD7CC}"
EndProject
Project("{9A19103F-16F7-4668-BE54-9A1E7A4F7556}") = "DataSheep.Generators", "src\DataSheep.Generators\DataSheep.Generators.csproj", "{A105CC7C-016F-460A-969F-8A62A5533903}"
EndProject
Project("{9A19103F-16F7-4668-BE54-9A1E7A4F7556}") = "DataSheep.Test", "tests\DataSheep.Test\DataSheep.Test.csproj", "{5C1350C2-8AE5-4246-9BBC-31F1B4EFD0F0}"
EndProject
Project("{9A19103F-16F7-4668-BE54-9A1E7A4F7556}") = "DataSheep.Benchmark", "tests\DataSheep.Benchmark\DataSheep.Benchmark.csproj", "{7CEE6FAB-C5BD-48BA-9B76-3204F9627EC9}"
EndProject
Project("{9A19103F-16F7-4668-BE54-9A1E7A4F7556}") = "DataSheep.Generators.Sample", "tests\DataSheep.Generators.Sample\DataSheep.Generators.Sample.csproj", "{A4817522-2757-42FE-8772-AA93CB7907B9}"
EndProject
Global
	GlobalSection(SolutionConfigurationPlatforms) = preSolution
		Debug|Any CPU = Debug|Any CPU
		Release|Any CPU = Release|Any CPU
	EndGlobalSection
	GlobalSection(ProjectConfigurationPlatforms) = postSolution
		{B68672B5-74E3-4C3A-8400-A6FD6DBCD7CC}.Debug|Any CPU.ActiveCfg = Debug|Any CPU
		{B68672B5-74E3-4C3A-8400-A6FD6DBCD7CC}.Debug|Any CPU.Build.0 = Debug|Any CPU
		{B68672B5-74E3-4C3A-8400-A6FD6DBCD7CC}.Release|Any CPU.ActiveCfg = Release|Any CPU
		{B68672B5-74E3-4C3A-8400-A6FD6DBCD7CC}.Release|Any CPU.Build.0 = Release|Any CPU
		{A105CC7C-016F-460A-969F-8A62A5533903}.Debug|Any CPU.ActiveCfg = Debug|Any CPU
		{A105CC7C-016F-460A-969F-8A62A5533903}.Debug|Any CPU.Build.0 = Debug|Any CPU
		{A105CC7C-016F-460A-969F-8A62A5533903}.Release|Any CPU.ActiveCfg = Release|Any CPU
		{A105CC7C-016F-460A-969F-8A62A5533903}.Release|Any CPU.Build.0 = Release|Any CPU
		{5C1350C2-8AE5-4246-9BBC-31F1B4EFD0F0}.Debug|Any CPU.ActiveCfg = Debug|Any CPU
		{5C1350C2-8AE5-4246-9BBC-31F1B4EFD0F0}.Debug|Any CPU.Build.0 = Debug|Any CPU
		{5C1350C2-8AE5-4246-9BBC-31F1B4EFD0F0}.Release|Any CPU.ActiveCfg = Release|Any CPU
		{5C1350C2-8AE5-4246-9BBC-31F1B4EFD0F0}.Release|Any CPU.Build.0 = Release|Any CPU
		{7CEE6FAB-C5BD-48BA-9B76-3204F9627EC9}.Debug|Any CPU.ActiveCfg = Debug|Any CPU
		{7CEE6FAB-C5BD-48BA-9B76-3204F9627EC9}.Debug|Any CPU.Build.0 = Debug|Any CPU
		{7CEE6FAB-C5BD-48BA-9B76-3204F9627EC9}.Release|Any CPU.ActiveCfg = Release|Any CPU
		{7CEE6FAB-C5BD-48BA-9B76-3204F9627EC9}.Release|Any CPU.Build.0 = Release|Any CPU
		{A4817522-2757-42FE-8772-AA93CB7907B9}.Debug|Any CPU.ActiveCfg = Debug|Any CPU
		{A4817522-2757-42FE-8772-AA93CB7907B9}.Debug|Any CPU.Build.0 = Debug|Any CPU
		{A4817522-2757-42FE-8772-AA93CB7907B9}.Release|Any CPU.ActiveCfg = Release|Any CPU
		{A4817522-2757-42FE-8772-AA93CB7907B9}.Release|Any CPU.Build.0 = Release|Any CPU
	EndGlobalSection
	GlobalSection(SolutionProperties) = preSolution
		HideSolutionNode = FALSE
	EndGlobalSection
	GlobalSection(NestedProjects) = preSolution
		{B68672B5-74E3-4C3A-8400-A6FD6DBCD7CC} = {4B7E3690-5D79-442E-8890-DE165B7A584A}
		{A105CC7C-016F-460A-969F-8A62A5533903} = {4B7E3690-5D79-442E-8890-DE165B7A584A}
		{5C1350C2-8AE5-4246-9BBC-31F1B4EFD0F0} = {A979DBC9-EA8D-427B-89C1-3BC043AB149B}
		{7CEE6FAB-C5BD-48BA-9B76-3204F9627EC9} = {A979DBC9-EA8D-427B-89C1-3BC043AB149B}
		{A4817522-2757-42FE-8772-AA93CB7907B9} = {A979DBC9-EA8D-427B-89C1-3BC043AB149B}
	EndGlobalSection
	GlobalSection(ExtensibilityGlobals) = postSolution
		SolutionGuid = {7D948539-1872-4514-8B0E-CC3A89E8BF86}
	EndGlobalSection
EndGlobal
